
Microsoft Visual Studio Solution File, Format Version 12.00
# Visual Studio 15
VisualStudioVersion = 15.0.28307.168
MinimumVisualStudioVersion = 10.0.40219.1
Project("{FAE04EC0-301F-11D3-BF4B-00C04F79EFBC}") = "WhoLikesIt", "WhoLikesIt.csproj", "{B1DC4737-1338-4912-8E7B-75D6EAF66C30}"
EndProject
Global
	GlobalSection(SolutionConfigurationPlatforms) = preSolution
		Debug|Any CPU = Debug|Any CPU
		Release|Any CPU = Release|Any CPU
	EndGlobalSection
	GlobalSection(ProjectConfigurationPlatforms) = postSolution
		{B1DC4737-1338-4912-8E7B-75D6EAF66C30}.Debug|Any CPU.ActiveCfg = Debug|Any CPU
		{B1DC4737-1338-4912-8E7B-75D6EAF66C30}.Debug|Any CPU.Build.0 = Debug|Any CPU
		{B1DC4737-1338-4912-8E7B-75D6EAF66C30}.Release|Any CPU.ActiveCfg = Release|Any CPU
		{B1DC4737-1338-4912-8E7B-75D6EAF66C30}.Release|Any CPU.Build.0 = Release|Any CPU
	EndGlobalSection
	GlobalSection(SolutionProperties) = preSolution
		HideSolutionNode = FALSE
	EndGlobalSection
	GlobalSection(ExtensibilityGlobals) = postSolution
		SolutionGuid = {5C7C6E41-88AF-4C29-A220-9A043F4CCA26}
	EndGlobalSection
EndGlobal
