
Microsoft Visual Studio Solution File, Format Version 12.00
# Visual Studio 15
VisualStudioVersion = 15.0.28307.168
MinimumVisualStudioVersion = 10.0.40219.1
Project("{FAE04EC0-301F-11D3-BF4B-00C04F79EFBC}") = "ListFilterer", "ListFilterer\ListFilterer.csproj", "{4471F0D5-E929-4E87-BF0D-80CC8A774946}"
EndProject
Global
	GlobalSection(SolutionConfigurationPlatforms) = preSolution
		Debug|Any CPU = Debug|Any CPU
		Release|Any CPU = Release|Any CPU
	EndGlobalSection
	GlobalSection(ProjectConfigurationPlatforms) = postSolution
		{4471F0D5-E929-4E87-BF0D-80CC8A774946}.Debug|Any CPU.ActiveCfg = Debug|Any CPU
		{4471F0D5-E929-4E87-BF0D-80CC8A774946}.Debug|Any CPU.Build.0 = Debug|Any CPU
		{4471F0D5-E929-4E87-BF0D-80CC8A774946}.Release|Any CPU.ActiveCfg = Release|Any CPU
		{4471F0D5-E929-4E87-BF0D-80CC8A774946}.Release|Any CPU.Build.0 = Release|Any CPU
	EndGlobalSection
	GlobalSection(SolutionProperties) = preSolution
		HideSolutionNode = FALSE
	EndGlobalSection
	GlobalSection(ExtensibilityGlobals) = postSolution
		SolutionGuid = {0BE8B2F4-2657-49B9-946F-729D04E1BF44}
	EndGlobalSection
EndGlobal
