
Microsoft Visual Studio Solution File, Format Version 12.00
# Visual Studio 15
VisualStudioVersion = 15.0.28307.168
MinimumVisualStudioVersion = 10.0.40219.1
Project("{FAE04EC0-301F-11D3-BF4B-00C04F79EFBC}") = "RGBToHex", "RGBToHex\RGBToHex.csproj", "{0EA21A67-345F-49D0-B4FA-8E2560578E0D}"
EndProject
Global
	GlobalSection(SolutionConfigurationPlatforms) = preSolution
		Debug|Any CPU = Debug|Any CPU
		Release|Any CPU = Release|Any CPU
	EndGlobalSection
	GlobalSection(ProjectConfigurationPlatforms) = postSolution
		{0EA21A67-345F-49D0-B4FA-8E2560578E0D}.Debug|Any CPU.ActiveCfg = Debug|Any CPU
		{0EA21A67-345F-49D0-B4FA-8E2560578E0D}.Debug|Any CPU.Build.0 = Debug|Any CPU
		{0EA21A67-345F-49D0-B4FA-8E2560578E0D}.Release|Any CPU.ActiveCfg = Release|Any CPU
		{0EA21A67-345F-49D0-B4FA-8E2560578E0D}.Release|Any CPU.Build.0 = Release|Any CPU
	EndGlobalSection
	GlobalSection(SolutionProperties) = preSolution
		HideSolutionNode = FALSE
	EndGlobalSection
	GlobalSection(ExtensibilityGlobals) = postSolution
		SolutionGuid = {B5A108D2-8AB9-484C-A75D-62BBCBF4BDB4}
	EndGlobalSection
EndGlobal
